{
  "name": "next-token-prediction",
  "version": "1.1.7",
  "lockfileVersion": 3,
  "requires": true,
  "packages": {
    "": {
      "name": "next-token-prediction",
      "version": "1.1.7",
      "dependencies": {
        "dotenv": "^16.4.5",
        "lodash": "^4.17.21",
        "wink-pos-tagger": "^2.2.2"
      }
    },
    "node_modules/dotenv": {
      "version": "16.4.5",
      "resolved": "https://registry.npmjs.org/dotenv/-/dotenv-16.4.5.tgz",
      "integrity": "sha512-ZmdL2rui+eB2YwhsWzjInR8LldtZHGDoQ1ugH85ppHKwpUHL7j7rN0Ti9NCnGiQbhaZ11FpR+7ao1dNsmduNUg==",
      "license": "BSD-2-Clause",
      "engines": {
        "node": ">=12"
      },
      "funding": {
        "url": "https://dotenvx.com"
      }
    },
    "node_modules/emoji-regex": {
      "version": "9.2.2",
      "resolved": "https://registry.npmjs.org/emoji-regex/-/emoji-regex-9.2.2.tgz",
      "integrity": "sha512-L18DaJsXSUk2+42pv8mLs5jJT2hqFkFE4j21wOmgbUqsZ2hL72NsUU785g9RXgo3s0ZNgVl42TiHp3ZtOv/Vyg==",
      "license": "MIT"
    },
    "node_modules/lodash": {
      "version": "4.17.21",
      "resolved": "https://registry.npmjs.org/lodash/-/lodash-4.17.21.tgz",
      "integrity": "sha512-v2kDEe57lecTulaDIuNTPy3Ry4gLGJ6Z1O3vE1krgXZNrsQ+LFTGHVxVjcXPs17LhbZVGedAJv8XZ1tvj5FvSg==",
      "license": "MIT"
    },
    "node_modules/wink-helpers": {
      "version": "2.0.0",
      "resolved": "https://registry.npmjs.org/wink-helpers/-/wink-helpers-2.0.0.tgz",
      "integrity": "sha512-I/ZzXrHcNRXuoeFJmp2vMVqDI6UCK02Tds1WP4kSGAmx520gjL1BObVzF7d2ps24tyHIly9ngdB2jwhlFUjPvg==",
      "license": "MIT"
    },
    "node_modules/wink-lemmatizer": {
      "version": "3.0.4",
      "resolved": "https://registry.npmjs.org/wink-lemmatizer/-/wink-lemmatizer-3.0.4.tgz",
      "integrity": "sha512-EdLJfy1xLF2ze2cp9Z3qiEWjiq+V8ZVRWiWooCXTXR0AyPxY8ezm4E0puJ0yIj5szzED9tcXV2U7RboaGvboFw==",
      "license": "MIT",
      "dependencies": {
        "wink-lexicon": "^2.2.0",
        "wink-porter2-stemmer": "^2.0.0"
      }
    },
    "node_modules/wink-lexicon": {
      "version": "2.2.0",
      "resolved": "https://registry.npmjs.org/wink-lexicon/-/wink-lexicon-2.2.0.tgz",
      "integrity": "sha512-QIuHS9r/HV6q3PCCz6pymg4gbsryW9wDk8CHdU+sDn0kJcHpECNDIcdY0Q/mZpqxtFLp9dzIw7pjcStLBbGZGg==",
      "license": "MIT"
    },
    "node_modules/wink-porter2-stemmer": {
      "version": "2.0.1",
      "resolved": "https://registry.npmjs.org/wink-porter2-stemmer/-/wink-porter2-stemmer-2.0.1.tgz",
      "integrity": "sha512-0g+RkkqhRXFmSpJQStVXW5N/WsshWpJXsoDRW7DwVkGI2uDT6IBCoq3xdH5p6IHLaC6ygk7RWUsUx4alKxoagQ==",
      "license": "MIT"
    },
    "node_modules/wink-pos-tagger": {
      "version": "2.2.2",
      "resolved": "https://registry.npmjs.org/wink-pos-tagger/-/wink-pos-tagger-2.2.2.tgz",
      "integrity": "sha512-+bhkwqwwChqWR75ksFKVJZQagwu404UmnvFjxr+OWZ02/ZJAv19N/iqDpMeYRQRxatk5N+W9pXIKEDJsVrzGyw==",
      "license": "MIT",
      "dependencies": {
        "wink-helpers": "^2.0.0",
        "wink-lemmatizer": "^3.0.1",
        "wink-lexicon": "^2.1.1",
        "wink-porter2-stemmer": "^2.0.0",
        "wink-tokenizer": "^5.2.1"
      }
    },
    "node_modules/wink-tokenizer": {
      "version": "5.3.0",
      "resolved": "https://registry.npmjs.org/wink-tokenizer/-/wink-tokenizer-5.3.0.tgz",
      "integrity": "sha512-O/yAw0g3FmSgeeQuYAJJfP7fVPB4A6ay0018qASh79aWmIOyPYy4j4r9EQT8xBjicja6lCLvgRVAybmEBaATQA==",
      "license": "MIT",
      "dependencies": {
        "emoji-regex": "^9.0.0"
      }
    }
  }
}
